
Microsoft Visual Studio Solution File, Format Version 12.00
Project("{FAE04EC0-301F-11D3-BF4B-00C04F79EFBC}") = "API", "API\API.csproj", "{68A9C4FE-9A52-4120-A7F9-C8249DF1CDA4}"
EndProject
Project("{FAE04EC0-301F-11D3-BF4B-00C04F79EFBC}") = "Domain", "Domain\Domain.csproj", "{B0E55459-BC7D-4BEC-8B30-97A19E139A92}"
EndProject
Project("{FAE04EC0-301F-11D3-BF4B-00C04F79EFBC}") = "Application", "Application\Application.csproj", "{D5A4FDBE-A93C-4539-B928-A224D6144FDC}"
EndProject
Project("{FAE04EC0-301F-11D3-BF4B-00C04F79EFBC}") = "Infrastructure", "Infrastructure\Infrastructure.csproj", "{822AA493-D98D-42C7-B04C-517FD3FE02F5}"
EndProject
Global
	GlobalSection(SolutionConfigurationPlatforms) = preSolution
		Debug|Any CPU = Debug|Any CPU
		Release|Any CPU = Release|Any CPU
	EndGlobalSection
	GlobalSection(ProjectConfigurationPlatforms) = postSolution
		{68A9C4FE-9A52-4120-A7F9-C8249DF1CDA4}.Debug|Any CPU.ActiveCfg = Debug|Any CPU
		{68A9C4FE-9A52-4120-A7F9-C8249DF1CDA4}.Debug|Any CPU.Build.0 = Debug|Any CPU
		{68A9C4FE-9A52-4120-A7F9-C8249DF1CDA4}.Release|Any CPU.ActiveCfg = Release|Any CPU
		{68A9C4FE-9A52-4120-A7F9-C8249DF1CDA4}.Release|Any CPU.Build.0 = Release|Any CPU
		{B0E55459-BC7D-4BEC-8B30-97A19E139A92}.Debug|Any CPU.ActiveCfg = Debug|Any CPU
		{B0E55459-BC7D-4BEC-8B30-97A19E139A92}.Debug|Any CPU.Build.0 = Debug|Any CPU
		{B0E55459-BC7D-4BEC-8B30-97A19E139A92}.Release|Any CPU.ActiveCfg = Release|Any CPU
		{B0E55459-BC7D-4BEC-8B30-97A19E139A92}.Release|Any CPU.Build.0 = Release|Any CPU
		{D5A4FDBE-A93C-4539-B928-A224D6144FDC}.Debug|Any CPU.ActiveCfg = Debug|Any CPU
		{D5A4FDBE-A93C-4539-B928-A224D6144FDC}.Debug|Any CPU.Build.0 = Debug|Any CPU
		{D5A4FDBE-A93C-4539-B928-A224D6144FDC}.Release|Any CPU.ActiveCfg = Release|Any CPU
		{D5A4FDBE-A93C-4539-B928-A224D6144FDC}.Release|Any CPU.Build.0 = Release|Any CPU
		{822AA493-D98D-42C7-B04C-517FD3FE02F5}.Debug|Any CPU.ActiveCfg = Debug|Any CPU
		{822AA493-D98D-42C7-B04C-517FD3FE02F5}.Debug|Any CPU.Build.0 = Debug|Any CPU
		{822AA493-D98D-42C7-B04C-517FD3FE02F5}.Release|Any CPU.ActiveCfg = Release|Any CPU
		{822AA493-D98D-42C7-B04C-517FD3FE02F5}.Release|Any CPU.Build.0 = Release|Any CPU
	EndGlobalSection
EndGlobal
